dependencies:
- name: ingress-nginx
  repository: https://kubernetes.github.io/ingress-nginx
  version: 4.4.2
- name: cert-manager
  repository: https://charts.jetstack.io
  version: v1.13.3
- name: metrics-server
  repository: https://kubernetes-sigs.github.io/metrics-server/
  version: 3.8.4
- name: vertical-pod-autoscaler
  repository: https://cowboysysop.github.io/charts/
  version: 6.0.3
- name: elasticsearch
  repository: https://helm.elastic.co
  version: 7.17.3
- name: opensearch
  repository: https://opensearch-project.github.io/helm-charts
  version: 2.13.3
- name: karpenter
  repository: oci://public.ecr.aws/karpenter
  version: v0.29.2
- name: kube-prometheus-stack
  repository: https://prometheus-community.github.io/helm-charts
  version: 56.6.2
- name: kubernetes-dashboard
  repository: https://kubernetes.github.io/dashboard
  version: 7.0.0-alpha1
- name: velero
  repository: https://vmware-tanzu.github.io/helm-charts
  version: 5.2.0
- name: openfaas
  repository: https://openfaas.github.io/faas-netes
  version: 14.2.34
digest: sha256:17908dd6f2ea4df87042d4bad904965cd4c77e637429acdf1a2a5c1256f85586
generated: "2024-04-03T18:29:03.753422+04:00"
