dependencies:
- name: ingress-nginx
  repository: https://kubernetes.github.io/ingress-nginx
  version: 4.4.2
- name: cert-manager
  repository: https://charts.jetstack.io
  version: v1.13.3
- name: metrics-server
  repository: https://kubernetes-sigs.github.io/metrics-server/
  version: 3.8.4
- name: vertical-pod-autoscaler
  repository: https://cowboysysop.github.io/charts/
  version: 6.0.3
- name: elasticsearch
  repository: https://helm.elastic.co
  version: 7.17.3
- name: opensearch
  repository: https://opensearch-project.github.io/helm-charts
  version: 2.13.3
- name: karpenter
  repository: oci://public.ecr.aws/karpenter
  version: v0.29.2
- name: kube-prometheus-stack
  repository: https://prometheus-community.github.io/helm-charts
  version: 56.6.2
- name: kubernetes-dashboard
  repository: https://kubernetes.github.io/dashboard
  version: 7.1.2
digest: sha256:8f20de3cac97574dd7524b5790b08365504b47ec53d91a1a273d5086bd04d517
generated: "2024-03-27T15:56:14.355662+04:00"
