dependencies:
- name: ingress-nginx
  repository: https://kubernetes.github.io/ingress-nginx
  version: 4.4.2
- name: cert-manager
  repository: https://charts.jetstack.io
  version: v1.13.3
- name: metrics-server
  repository: https://kubernetes-sigs.github.io/metrics-server/
  version: 3.8.4
- name: vertical-pod-autoscaler
  repository: https://cowboysysop.github.io/charts/
  version: 6.1.0
- name: elasticsearch
  repository: https://helm.elastic.co
  version: 7.17.3
- name: opensearch
  repository: https://opensearch-project.github.io/helm-charts
  version: 2.13.3
- name: karpenter
  repository: oci://public.ecr.aws/karpenter
  version: v0.29.2
- name: kube-prometheus-stack
  repository: https://prometheus-community.github.io/helm-charts
  version: 56.6.2
- name: kubernetes-dashboard
  repository: https://kubernetes.github.io/dashboard
  version: 7.3.1
- name: velero
  repository: https://vmware-tanzu.github.io/helm-charts
  version: 5.2.0
- name: openfaas
  repository: https://openfaas.github.io/faas-netes
  version: 14.2.34
digest: sha256:ae28f751c75e8f9899cd45eb934e1a4220f1c501cb69fdda9b175d5d6233e110
generated: "2024-11-07T15:59:35.545819412Z"
